[[dependencies]]
name = "@openzeppelin-contracts"
version = "5.3.0-rc.0"
url = "https://soldeer-revisions.s3.amazonaws.com/@openzeppelin-contracts/5_3_0-rc_0_20-03-2025_07:50:31_contracts.zip"
checksum = "9263a7aac05ad2657e94449e3dcf519712ae32f853b2e4b787c311a9ef923199"
integrity = "5e989ed237d2abb441fe76e6002880158ba39e6c65cbda6d9d35c93068d42308"

[[dependencies]]
name = "forge-std"
version = "1.9.6"
url = "https://soldeer-revisions.s3.amazonaws.com/forge-std/1_9_6_01-02-2025_20:49:10_forge-std-1.9.zip"
checksum = "55f341818321b3f925161a72fd0dcd62e4a0a4b66785a7a932bf2bfaf96fb9d1"
integrity = "e9ecdc364d152157431e5df5aa041ffddbe9bb1c1ad81634b1e72df9e23814e8"
